{
  "name": "fracital-proxy",
  "lockfileVersion": 2,
  "requires": true,
  "packages": {
    "": {
      "dependencies": {
        "codejar": "^3.5.0"
      }
    },
    "node_modules/codejar": {
      "version": "3.5.0",
      "resolved": "https://registry.npmjs.org/codejar/-/codejar-3.5.0.tgz",
      "integrity": "sha512-uXrFZZ+yb23YY7+WtTux2Yyokt+Lty/kBnW/OhhEGp8IW8/lrJw5Gs1wwCyt2vpMfsVdudLmV5xAgYqsZY/49A=="
    }
  },
  "dependencies": {
    "codejar": {
      "version": "3.5.0",
      "resolved": "https://registry.npmjs.org/codejar/-/codejar-3.5.0.tgz",
      "integrity": "sha512-uXrFZZ+yb23YY7+WtTux2Yyokt+Lty/kBnW/OhhEGp8IW8/lrJw5Gs1wwCyt2vpMfsVdudLmV5xAgYqsZY/49A=="
    }
  }
}
